
Microsoft Visual Studio Solution File, Format Version 12.00
# Visual Studio Version 18
VisualStudioVersion = 18.3.11520.95 d18.3
MinimumVisualStudioVersion = 10.0.40219.1
Project("{FAE04EC0-301F-11D3-BF4B-00C04F79EFBC}") = "RabbitMQAndGenericRepository", "nuggets2\RabbitMQAndGenericRepository.csproj", "{E8968213-78AB-43C9-A5C7-12DBE8B06E57}"
EndProject
Project("{FAE04EC0-301F-11D3-BF4B-00C04F79EFBC}") = "ActualizeDataBaseWithRabbitMQ", "ActualizeDataBaseWithRabbitMQ\ActualizeDataBaseWithRabbitMQ.csproj", "{A9949334-F1DA-4611-B3DA-68965ECA722E}"
EndProject
Global
	GlobalSection(SolutionConfigurationPlatforms) = preSolution
		Debug|Any CPU = Debug|Any CPU
		Release|Any CPU = Release|Any CPU
	EndGlobalSection
	GlobalSection(ProjectConfigurationPlatforms) = postSolution
		{E8968213-78AB-43C9-A5C7-12DBE8B06E57}.Debug|Any CPU.ActiveCfg = Debug|Any CPU
		{E8968213-78AB-43C9-A5C7-12DBE8B06E57}.Debug|Any CPU.Build.0 = Debug|Any CPU
		{E8968213-78AB-43C9-A5C7-12DBE8B06E57}.Release|Any CPU.ActiveCfg = Release|Any CPU
		{A9949334-F1DA-4611-B3DA-68965ECA722E}.Debug|Any CPU.ActiveCfg = Debug|Any CPU
		{A9949334-F1DA-4611-B3DA-68965ECA722E}.Debug|Any CPU.Build.0 = Debug|Any CPU
		{A9949334-F1DA-4611-B3DA-68965ECA722E}.Release|Any CPU.ActiveCfg = Release|Any CPU
		{A9949334-F1DA-4611-B3DA-68965ECA722E}.Release|Any CPU.Build.0 = Release|Any CPU
	EndGlobalSection
	GlobalSection(SolutionProperties) = preSolution
		HideSolutionNode = FALSE
	EndGlobalSection
	GlobalSection(ExtensibilityGlobals) = postSolution
		SolutionGuid = {08B51411-46E3-453E-9EBF-2EFE190E9DC2}
	EndGlobalSection
EndGlobal
